
Microsoft Visual Studio Solution File, Format Version 12.00
# Visual Studio Version 17
VisualStudioVersion = 17.14.37328.6 d17.14
MinimumVisualStudioVersion = 10.0.40219.1
Project("{FAE04EC0-301F-11D3-BF4B-00C04F79EFBC}") = "LoginRegistration", "LoginRegistration.csproj", "{DEF21A47-E93B-46F8-A8E4-54BE52898B40}"
EndProject
Global
	GlobalSection(SolutionConfigurationPlatforms) = preSolution
		Debug|Any CPU = Debug|Any CPU
		Release|Any CPU = Release|Any CPU
	EndGlobalSection
	GlobalSection(ProjectConfigurationPlatforms) = postSolution
		{DEF21A47-E93B-46F8-A8E4-54BE52898B40}.Debug|Any CPU.ActiveCfg = Debug|Any CPU
		{DEF21A47-E93B-46F8-A8E4-54BE52898B40}.Debug|Any CPU.Build.0 = Debug|Any CPU
		{DEF21A47-E93B-46F8-A8E4-54BE52898B40}.Release|Any CPU.ActiveCfg = Release|Any CPU
		{DEF21A47-E93B-46F8-A8E4-54BE52898B40}.Release|Any CPU.Build.0 = Release|Any CPU
	EndGlobalSection
	GlobalSection(SolutionProperties) = preSolution
		HideSolutionNode = FALSE
	EndGlobalSection
	GlobalSection(ExtensibilityGlobals) = postSolution
		SolutionGuid = {846B5161-ED9A-4268-B12E-2F32FBBF2DEE}
	EndGlobalSection
EndGlobal
